
Microsoft Visual Studio Solution File, Format Version 12.00
# Visual Studio Version 17
VisualStudioVersion = 17.5.33516.290
MinimumVisualStudioVersion = 10.0.40219.1
Project("{FAE04EC0-301F-11D3-BF4B-00C04F79EFBC}") = "Study_52", "Study_52\Study_52.csproj", "{44A80C4E-C849-4101-88CD-4A32AF2688C9}"
EndProject
Project("{FAE04EC0-301F-11D3-BF4B-00C04F79EFBC}") = "Study_25.App", "Study_25.App\Study_25.App.csproj", "{AE6BC5FD-3FF5-4261-8389-6582E672E811}"
EndProject
Global
	GlobalSection(SolutionConfigurationPlatforms) = preSolution
		Debug|Any CPU = Debug|Any CPU
		Release|Any CPU = Release|Any CPU
	EndGlobalSection
	GlobalSection(ProjectConfigurationPlatforms) = postSolution
		{44A80C4E-C849-4101-88CD-4A32AF2688C9}.Debug|Any CPU.ActiveCfg = Debug|Any CPU
		{44A80C4E-C849-4101-88CD-4A32AF2688C9}.Debug|Any CPU.Build.0 = Debug|Any CPU
		{44A80C4E-C849-4101-88CD-4A32AF2688C9}.Release|Any CPU.ActiveCfg = Release|Any CPU
		{44A80C4E-C849-4101-88CD-4A32AF2688C9}.Release|Any CPU.Build.0 = Release|Any CPU
		{AE6BC5FD-3FF5-4261-8389-6582E672E811}.Debug|Any CPU.ActiveCfg = Debug|Any CPU
		{AE6BC5FD-3FF5-4261-8389-6582E672E811}.Debug|Any CPU.Build.0 = Debug|Any CPU
		{AE6BC5FD-3FF5-4261-8389-6582E672E811}.Release|Any CPU.ActiveCfg = Release|Any CPU
		{AE6BC5FD-3FF5-4261-8389-6582E672E811}.Release|Any CPU.Build.0 = Release|Any CPU
	EndGlobalSection
	GlobalSection(SolutionProperties) = preSolution
		HideSolutionNode = FALSE
	EndGlobalSection
	GlobalSection(ExtensibilityGlobals) = postSolution
		SolutionGuid = {4D068C70-0323-4FAA-B656-9C34DBA4E2C8}
	EndGlobalSection
EndGlobal
